
Microsoft Visual Studio Solution File, Format Version 12.00
# Visual Studio Version 17
VisualStudioVersion = 17.0.31717.71
MinimumVisualStudioVersion = 10.0.40219.1
Project("{FAE04EC0-301F-11D3-BF4B-00C04F79EFBC}") = "OfflineChallenge", "OfflineChallenge\OfflineChallenge.csproj", "{F5CC15D2-FFD8-4C5E-9EB8-25BB5CD32C88}"
EndProject
Global
	GlobalSection(SolutionConfigurationPlatforms) = preSolution
		Debug|Any CPU = Debug|Any CPU
		Release|Any CPU = Release|Any CPU
	EndGlobalSection
	GlobalSection(ProjectConfigurationPlatforms) = postSolution
		{F5CC15D2-FFD8-4C5E-9EB8-25BB5CD32C88}.Debug|Any CPU.ActiveCfg = Debug|Any CPU
		{F5CC15D2-FFD8-4C5E-9EB8-25BB5CD32C88}.Debug|Any CPU.Build.0 = Debug|Any CPU
		{F5CC15D2-FFD8-4C5E-9EB8-25BB5CD32C88}.Release|Any CPU.ActiveCfg = Release|Any CPU
		{F5CC15D2-FFD8-4C5E-9EB8-25BB5CD32C88}.Release|Any CPU.Build.0 = Release|Any CPU
	EndGlobalSection
	GlobalSection(SolutionProperties) = preSolution
		HideSolutionNode = FALSE
	EndGlobalSection
	GlobalSection(ExtensibilityGlobals) = postSolution
		SolutionGuid = {0339DB87-AD50-49C0-B40F-ADE0E26E904E}
	EndGlobalSection
EndGlobal
